PODS:
  - Adapty (2.2.2)
  - boost (1.76.0)
  - CocoaAsyncSocket (7.6.5)
  - DoubleConversion (1.1.6)
  - FBLazyVector (0.66.5)
  - FBReactNativeSpec (0.66.5):
    - RCT-Folly (= 2021.06.28.00-v2)
    - RCTRequired (= 0.66.5)
    - RCTTypeSafety (= 0.66.5)
    - React-Core (= 0.66.5)
    - React-jsi (= 0.66.5)
    - ReactCommon/turbomodule/core (= 0.66.5)
  - Firebase/Analytics (8.15.0):
    - Firebase/Core
  - Firebase/Core (8.15.0):
    - Firebase/CoreOnly
    - FirebaseAnalytics (~> 8.15.0)
  - Firebase/CoreOnly (8.15.0):
    - FirebaseCore (= 8.15.0)
  - Firebase/Messaging (8.15.0):
    - Firebase/CoreOnly
    - FirebaseMessaging (~> 8.15.0)
  - FirebaseAnalytics (8.15.0):
    - FirebaseAnalytics/AdIdSupport (= 8.15.0)
    - FirebaseCore (~> 8.0)
    - FirebaseInstallations (~> 8.0)
    - GoogleUtilities/AppDelegateSwizzler (~> 7.7)
    - GoogleUtilities/MethodSwizzler (~> 7.7)
    - GoogleUtilities/Network (~> 7.7)
    - "GoogleUtilities/NSData+zlib (~> 7.7)"
    - nanopb (~> 2.30908.0)
  - FirebaseAnalytics/AdIdSupport (8.15.0):
    - FirebaseCore (~> 8.0)
    - FirebaseInstallations (~> 8.0)
    - GoogleAppMeasurement (= 8.15.0)
    - GoogleUtilities/AppDelegateSwizzler (~> 7.7)
    - GoogleUtilities/MethodSwizzler (~> 7.7)
    - GoogleUtilities/Network (~> 7.7)
    - "GoogleUtilities/NSData+zlib (~> 7.7)"
    - nanopb (~> 2.30908.0)
  - FirebaseCore (8.15.0):
    - FirebaseCoreDiagnostics (~> 8.0)
    - GoogleUtilities/Environment (~> 7.7)
    - GoogleUtilities/Logger (~> 7.7)
  - FirebaseCoreDiagnostics (8.15.0):
    - GoogleDataTransport (~> 9.1)
    - GoogleUtilities/Environment (~> 7.7)
    - GoogleUtilities/Logger (~> 7.7)
    - nanopb (~> 2.30908.0)
  - FirebaseInstallations (8.15.0):
    - FirebaseCore (~> 8.0)
    - GoogleUtilities/Environment (~> 7.7)
    - GoogleUtilities/UserDefaults (~> 7.7)
    - PromisesObjC (< 3.0, >= 1.2)
  - FirebaseMessaging (8.15.0):
    - FirebaseCore (~> 8.0)
    - FirebaseInstallations (~> 8.0)
    - GoogleDataTransport (~> 9.1)
    - GoogleUtilities/AppDelegateSwizzler (~> 7.7)
    - GoogleUtilities/Environment (~> 7.7)
    - GoogleUtilities/Reachability (~> 7.7)
    - GoogleUtilities/UserDefaults (~> 7.7)
    - nanopb (~> 2.30908.0)
  - Flipper (0.99.0):
    - Flipper-Folly (~> 2.6)
    - Flipper-RSocket (~> 1.4)
  - Flipper-Boost-iOSX (1.76.0.1.11)
  - Flipper-DoubleConversion (3.1.7)
  - Flipper-Fmt (7.1.7)
  - Flipper-Folly (2.6.7):
    - Flipper-Boost-iOSX
    - Flipper-DoubleConversion
    - Flipper-Fmt (= 7.1.7)
    - Flipper-Glog
    - libevent (~> 2.1.12)
    - OpenSSL-Universal (= 1.1.180)
  - Flipper-Glog (0.3.6)
  - Flipper-PeerTalk (0.0.4)
  - Flipper-RSocket (1.4.3):
    - Flipper-Folly (~> 2.6)
  - FlipperKit (0.99.0):
    - FlipperKit/Core (= 0.99.0)
  - FlipperKit/Core (0.99.0):
    - Flipper (~> 0.99.0)
    - FlipperKit/CppBridge
    - FlipperKit/FBCxxFollyDynamicConvert
    - FlipperKit/FBDefines
    - FlipperKit/FKPortForwarding
  - FlipperKit/CppBridge (0.99.0):
    - Flipper (~> 0.99.0)
  - FlipperKit/FBCxxFollyDynamicConvert (0.99.0):
    - Flipper-Folly (~> 2.6)
  - FlipperKit/FBDefines (0.99.0)
  - FlipperKit/FKPortForwarding (0.99.0):
    - CocoaAsyncSocket (~> 7.6)
    - Flipper-PeerTalk (~> 0.0.4)
  - FlipperKit/FlipperKitHighlightOverlay (0.99.0)
  - FlipperKit/FlipperKitLayoutHelpers (0.99.0):
    - FlipperKit/Core
    - FlipperKit/FlipperKitHighlightOverlay
    - FlipperKit/FlipperKitLayoutTextSearchable
  - FlipperKit/FlipperKitLayoutIOSDescriptors (0.99.0):
    - FlipperKit/Core
    - FlipperKit/FlipperKitHighlightOverlay
    - FlipperKit/FlipperKitLayoutHelpers
    - YogaKit (~> 1.18)
  - FlipperKit/FlipperKitLayoutPlugin (0.99.0):
    - FlipperKit/Core
    - FlipperKit/FlipperKitHighlightOverlay
    - FlipperKit/FlipperKitLayoutHelpers
    - FlipperKit/FlipperKitLayoutIOSDescriptors
    - FlipperKit/FlipperKitLayoutTextSearchable
    - YogaKit (~> 1.18)
  - FlipperKit/FlipperKitLayoutTextSearchable (0.99.0)
  - FlipperKit/FlipperKitNetworkPlugin (0.99.0):
    - FlipperKit/Core
  - FlipperKit/FlipperKitReactPlugin (0.99.0):
    - FlipperKit/Core
  - FlipperKit/FlipperKitUserDefaultsPlugin (0.99.0):
    - FlipperKit/Core
  - FlipperKit/SKIOSNetworkPlugin (0.99.0):
    - FlipperKit/Core
    - FlipperKit/FlipperKitNetworkPlugin
  - fmt (6.2.1)
  - glog (0.3.5)
  - GoogleAppMeasurement (8.15.0):
    - GoogleAppMeasurement/AdIdSupport (= 8.15.0)
    - GoogleUtilities/AppDelegateSwizzler (~> 7.7)
    - GoogleUtilities/MethodSwizzler (~> 7.7)
    - GoogleUtilities/Network (~> 7.7)
    - "GoogleUtilities/NSData+zlib (~> 7.7)"
    - nanopb (~> 2.30908.0)
  - GoogleAppMeasurement/AdIdSupport (8.15.0):
    - GoogleAppMeasurement/WithoutAdIdSupport (= 8.15.0)
    - GoogleUtilities/AppDelegateSwizzler (~> 7.7)
    - GoogleUtilities/MethodSwizzler (~> 7.7)
    - GoogleUtilities/Network (~> 7.7)
    - "GoogleUtilities/NSData+zlib (~> 7.7)"
    - nanopb (~> 2.30908.0)
  - GoogleAppMeasurement/WithoutAdIdSupport (8.15.0):
    - GoogleUtilities/AppDelegateSwizzler (~> 7.7)
    - GoogleUtilities/MethodSwizzler (~> 7.7)
    - GoogleUtilities/Network (~> 7.7)
    - "GoogleUtilities/NSData+zlib (~> 7.7)"
    - nanopb (~> 2.30908.0)
  - GoogleDataTransport (9.2.0):
    - GoogleUtilities/Environment (~> 7.7)
    - nanopb (< 2.30910.0, >= 2.30908.0)
    - PromisesObjC (< 3.0, >= 1.2)
  - GoogleUtilities/AppDelegateSwizzler (7.7.0):
    - GoogleUtilities/Environment
    - GoogleUtilities/Logger
    - GoogleUtilities/Network
  - GoogleUtilities/Environment (7.7.0):
    - PromisesObjC (< 3.0, >= 1.2)
  - GoogleUtilities/Logger (7.7.0):
    - GoogleUtilities/Environment
  - GoogleUtilities/MethodSwizzler (7.7.0):
    - GoogleUtilities/Logger
  - GoogleUtilities/Network (7.7.0):
    - GoogleUtilities/Logger
    - "GoogleUtilities/NSData+zlib"
    - GoogleUtilities/Reachability
  - "GoogleUtilities/NSData+zlib (7.7.0)"
  - GoogleUtilities/Reachability (7.7.0):
    - GoogleUtilities/Logger
  - GoogleUtilities/UserDefaults (7.7.0):
    - GoogleUtilities/Logger
  - libbambuser-ios (1.0.4)
  - libevent (2.1.12)
  - libwebp (1.2.1):
    - libwebp/demux (= 1.2.1)
    - libwebp/mux (= 1.2.1)
    - libwebp/webp (= 1.2.1)
  - libwebp/demux (1.2.1):
    - libwebp/webp
  - libwebp/mux (1.2.1):
    - libwebp/demux
  - libwebp/webp (1.2.1)
  - nanopb (2.30908.0):
    - nanopb/decode (= 2.30908.0)
    - nanopb/encode (= 2.30908.0)
  - nanopb/decode (2.30908.0)
  - nanopb/encode (2.30908.0)
  - OpenSSL-Universal (1.1.180)
  - PromisesObjC (2.1.1)
  - RCT-Folly (2021.06.28.00-v2):
    - boost
    - DoubleConversion
    - fmt (~> 6.2.1)
    - glog
    - RCT-Folly/Default (= 2021.06.28.00-v2)
  - RCT-Folly/Default (2021.06.28.00-v2):
    - boost
    - DoubleConversion
    - fmt (~> 6.2.1)
    - glog
  - RCTRequired (0.66.5)
  - RCTTypeSafety (0.66.5):
    - FBLazyVector (= 0.66.5)
    - RCT-Folly (= 2021.06.28.00-v2)
    - RCTRequired (= 0.66.5)
    - React-Core (= 0.66.5)
  - React (0.66.5):
    - React-Core (= 0.66.5)
    - React-Core/DevSupport (= 0.66.5)
    - React-Core/RCTWebSocket (= 0.66.5)
    - React-RCTActionSheet (= 0.66.5)
    - React-RCTAnimation (= 0.66.5)
    - React-RCTBlob (= 0.66.5)
    - React-RCTImage (= 0.66.5)
    - React-RCTLinking (= 0.66.5)
    - React-RCTNetwork (= 0.66.5)
    - React-RCTSettings (= 0.66.5)
    - React-RCTText (= 0.66.5)
    - React-RCTVibration (= 0.66.5)
  - React-callinvoker (0.66.5)
  - React-Core (0.66.5):
    - glog
    - RCT-Folly (= 2021.06.28.00-v2)
    - React-Core/Default (= 0.66.5)
    - React-cxxreact (= 0.66.5)
    - React-jsi (= 0.66.5)
    - React-jsiexecutor (= 0.66.5)
    - React-perflogger (= 0.66.5)
    - Yoga
  - React-Core/CoreModulesHeaders (0.66.5):
    - glog
    - RCT-Folly (= 2021.06.28.00-v2)
    - React-Core/Default
    - React-cxxreact (= 0.66.5)
    - React-jsi (= 0.66.5)
    - React-jsiexecutor (= 0.66.5)
    - React-perflogger (= 0.66.5)
    - Yoga
  - React-Core/Default (0.66.5):
    - glog
    - RCT-Folly (= 2021.06.28.00-v2)
    - React-cxxreact (= 0.66.5)
    - React-jsi (= 0.66.5)
    - React-jsiexecutor (= 0.66.5)
    - React-perflogger (= 0.66.5)
    - Yoga
  - React-Core/DevSupport (0.66.5):
    - glog
    - RCT-Folly (= 2021.06.28.00-v2)
    - React-Core/Default (= 0.66.5)
    - React-Core/RCTWebSocket (= 0.66.5)
    - React-cxxreact (= 0.66.5)
    - React-jsi (= 0.66.5)
    - React-jsiexecutor (= 0.66.5)
    - React-jsinspector (= 0.66.5)
    - React-perflogger (= 0.66.5)
    - Yoga
  - React-Core/RCTActionSheetHeaders (0.66.5):
    - glog
    - RCT-Folly (= 2021.06.28.00-v2)
    - React-Core/Default
    - React-cxxreact (= 0.66.5)
    - React-jsi (= 0.66.5)
    - React-jsiexecutor (= 0.66.5)
    - React-perflogger (= 0.66.5)
    - Yoga
  - React-Core/RCTAnimationHeaders (0.66.5):
    - glog
    - RCT-Folly (= 2021.06.28.00-v2)
    - React-Core/Default
    - React-cxxreact (= 0.66.5)
    - React-jsi (= 0.66.5)
    - React-jsiexecutor (= 0.66.5)
    - React-perflogger (= 0.66.5)
    - Yoga
  - React-Core/RCTBlobHeaders (0.66.5):
    - glog
    - RCT-Folly (= 2021.06.28.00-v2)
    - React-Core/Default
    - React-cxxreact (= 0.66.5)
    - React-jsi (= 0.66.5)
    - React-jsiexecutor (= 0.66.5)
    - React-perflogger (= 0.66.5)
    - Yoga
  - React-Core/RCTImageHeaders (0.66.5):
    - glog
    - RCT-Folly (= 2021.06.28.00-v2)
    - React-Core/Default
    - React-cxxreact (= 0.66.5)
    - React-jsi (= 0.66.5)
    - React-jsiexecutor (= 0.66.5)
    - React-perflogger (= 0.66.5)
    - Yoga
  - React-Core/RCTLinkingHeaders (0.66.5):
    - glog
    - RCT-Folly (= 2021.06.28.00-v2)
    - React-Core/Default
    - React-cxxreact (= 0.66.5)
    - React-jsi (= 0.66.5)
    - React-jsiexecutor (= 0.66.5)
    - React-perflogger (= 0.66.5)
    - Yoga
  - React-Core/RCTNetworkHeaders (0.66.5):
    - glog
    - RCT-Folly (= 2021.06.28.00-v2)
    - React-Core/Default
    - React-cxxreact (= 0.66.5)
    - React-jsi (= 0.66.5)
    - React-jsiexecutor (= 0.66.5)
    - React-perflogger (= 0.66.5)
    - Yoga
  - React-Core/RCTSettingsHeaders (0.66.5):
    - glog
    - RCT-Folly (= 2021.06.28.00-v2)
    - React-Core/Default
    - React-cxxreact (= 0.66.5)
    - React-jsi (= 0.66.5)
    - React-jsiexecutor (= 0.66.5)
    - React-perflogger (= 0.66.5)
    - Yoga
  - React-Core/RCTTextHeaders (0.66.5):
    - glog
    - RCT-Folly (= 2021.06.28.00-v2)
    - React-Core/Default
    - React-cxxreact (= 0.66.5)
    - React-jsi (= 0.66.5)
    - React-jsiexecutor (= 0.66.5)
    - React-perflogger (= 0.66.5)
    - Yoga
  - React-Core/RCTVibrationHeaders (0.66.5):
    - glog
    - RCT-Folly (= 2021.06.28.00-v2)
    - React-Core/Default
    - React-cxxreact (= 0.66.5)
    - React-jsi (= 0.66.5)
    - React-jsiexecutor (= 0.66.5)
    - React-perflogger (= 0.66.5)
    - Yoga
  - React-Core/RCTWebSocket (0.66.5):
    - glog
    - RCT-Folly (= 2021.06.28.00-v2)
    - React-Core/Default (= 0.66.5)
    - React-cxxreact (= 0.66.5)
    - React-jsi (= 0.66.5)
    - React-jsiexecutor (= 0.66.5)
    - React-perflogger (= 0.66.5)
    - Yoga
  - React-CoreModules (0.66.5):
    - FBReactNativeSpec (= 0.66.5)
    - RCT-Folly (= 2021.06.28.00-v2)
    - RCTTypeSafety (= 0.66.5)
    - React-Core/CoreModulesHeaders (= 0.66.5)
    - React-jsi (= 0.66.5)
    - React-RCTImage (= 0.66.5)
    - ReactCommon/turbomodule/core (= 0.66.5)
  - React-cxxreact (0.66.5):
    - boost (= 1.76.0)
    - DoubleConversion
    - glog
    - RCT-Folly (= 2021.06.28.00-v2)
    - React-callinvoker (= 0.66.5)
    - React-jsi (= 0.66.5)
    - React-jsinspector (= 0.66.5)
    - React-logger (= 0.66.5)
    - React-perflogger (= 0.66.5)
    - React-runtimeexecutor (= 0.66.5)
  - React-jsi (0.66.5):
    - boost (= 1.76.0)
    - DoubleConversion
    - glog
    - RCT-Folly (= 2021.06.28.00-v2)
    - React-jsi/Default (= 0.66.5)
  - React-jsi/Default (0.66.5):
    - boost (= 1.76.0)
    - DoubleConversion
    - glog
    - RCT-Folly (= 2021.06.28.00-v2)
  - React-jsiexecutor (0.66.5):
    - DoubleConversion
    - glog
    - RCT-Folly (= 2021.06.28.00-v2)
    - React-cxxreact (= 0.66.5)
    - React-jsi (= 0.66.5)
    - React-perflogger (= 0.66.5)
  - React-jsinspector (0.66.5)
  - React-logger (0.66.5):
    - glog
  - react-native-adapty (2.2.1):
    - Adapty (= 2.2.2)
    - React
  - react-native-add-calendar-event (4.0.0):
    - React-Core
  - react-native-bambuser-broadcaster (0.0.18):
    - libbambuser-ios
    - React
  - react-native-bambuser-player (0.0.20):
    - libbambuser-ios
    - React
  - react-native-blob-util (0.16.4):
    - React-Core
  - react-native-create-thumbnail (1.6.4):
    - React-Core
  - react-native-date-picker (4.2.6):
    - React-Core
  - react-native-pdf (6.6.2):
    - React-Core
  - react-native-safe-area-context (3.4.1):
    - React-Core
  - react-native-video (5.2.1):
    - React-Core
    - react-native-video/Video (= 5.2.1)
  - react-native-video/Video (5.2.1):
    - React-Core
  - react-native-webview (11.26.0):
    - React-Core
  - React-perflogger (0.66.5)
  - React-RCTActionSheet (0.66.5):
    - React-Core/RCTActionSheetHeaders (= 0.66.5)
  - React-RCTAnimation (0.66.5):
    - FBReactNativeSpec (= 0.66.5)
    - RCT-Folly (= 2021.06.28.00-v2)
    - RCTTypeSafety (= 0.66.5)
    - React-Core/RCTAnimationHeaders (= 0.66.5)
    - React-jsi (= 0.66.5)
    - ReactCommon/turbomodule/core (= 0.66.5)
  - React-RCTBlob (0.66.5):
    - FBReactNativeSpec (= 0.66.5)
    - RCT-Folly (= 2021.06.28.00-v2)
    - React-Core/RCTBlobHeaders (= 0.66.5)
    - React-Core/RCTWebSocket (= 0.66.5)
    - React-jsi (= 0.66.5)
    - React-RCTNetwork (= 0.66.5)
    - ReactCommon/turbomodule/core (= 0.66.5)
  - React-RCTImage (0.66.5):
    - FBReactNativeSpec (= 0.66.5)
    - RCT-Folly (= 2021.06.28.00-v2)
    - RCTTypeSafety (= 0.66.5)
    - React-Core/RCTImageHeaders (= 0.66.5)
    - React-jsi (= 0.66.5)
    - React-RCTNetwork (= 0.66.5)
    - ReactCommon/turbomodule/core (= 0.66.5)
  - React-RCTLinking (0.66.5):
    - FBReactNativeSpec (= 0.66.5)
    - React-Core/RCTLinkingHeaders (= 0.66.5)
    - React-jsi (= 0.66.5)
    - ReactCommon/turbomodule/core (= 0.66.5)
  - React-RCTNetwork (0.66.5):
    - FBReactNativeSpec (= 0.66.5)
    - RCT-Folly (= 2021.06.28.00-v2)
    - RCTTypeSafety (= 0.66.5)
    - React-Core/RCTNetworkHeaders (= 0.66.5)
    - React-jsi (= 0.66.5)
    - ReactCommon/turbomodule/core (= 0.66.5)
  - React-RCTSettings (0.66.5):
    - FBReactNativeSpec (= 0.66.5)
    - RCT-Folly (= 2021.06.28.00-v2)
    - RCTTypeSafety (= 0.66.5)
    - React-Core/RCTSettingsHeaders (= 0.66.5)
    - React-jsi (= 0.66.5)
    - ReactCommon/turbomodule/core (= 0.66.5)
  - React-RCTText (0.66.5):
    - React-Core/RCTTextHeaders (= 0.66.5)
  - React-RCTVibration (0.66.5):
    - FBReactNativeSpec (= 0.66.5)
    - RCT-Folly (= 2021.06.28.00-v2)
    - React-Core/RCTVibrationHeaders (= 0.66.5)
    - React-jsi (= 0.66.5)
    - ReactCommon/turbomodule/core (= 0.66.5)
  - React-runtimeexecutor (0.66.5):
    - React-jsi (= 0.66.5)
  - ReactCommon/turbomodule/core (0.66.5):
    - DoubleConversion
    - glog
    - RCT-Folly (= 2021.06.28.00-v2)
    - React-callinvoker (= 0.66.5)
    - React-Core (= 0.66.5)
    - React-cxxreact (= 0.66.5)
    - React-jsi (= 0.66.5)
    - React-logger (= 0.66.5)
    - React-perflogger (= 0.66.5)
  - RNCAsyncStorage (1.17.11):
    - React-Core
  - RNCMaskedView (0.1.11):
    - React
  - RNFastImage (8.6.3):
    - React-Core
    - SDWebImage (~> 5.11.1)
    - SDWebImageWebPCoder (~> 0.8.4)
  - RNFBAnalytics (14.12.0):
    - Firebase/Analytics (= 8.15.0)
    - React-Core
    - RNFBApp
  - RNFBApp (14.12.0):
    - Firebase/CoreOnly (= 8.15.0)
    - React-Core
  - RNFBMessaging (14.12.0):
    - Firebase/Messaging (= 8.15.0)
    - React-Core
    - RNFBApp
  - RNGestureHandler (2.9.0):
    - React-Core
  - RNIap (8.6.7):
    - React-Core
  - RNReanimated (1.13.4):
    - React-Core
  - RNScreens (3.19.0):
    - React-Core
    - React-RCTImage
  - RNShare (7.9.1):
    - React-Core
  - RNSVG (12.5.0):
    - React-Core
  - RNVectorIcons (9.2.0):
    - React-Core
  - SDWebImage (5.11.1):
    - SDWebImage/Core (= 5.11.1)
  - SDWebImage/Core (5.11.1)
  - SDWebImageWebPCoder (0.8.5):
    - libwebp (~> 1.0)
    - SDWebImage/Core (~> 5.10)
  - Yoga (1.14.0)
  - YogaKit (1.18.1):
    - Yoga (~> 1.14)

DEPENDENCIES:
  - boost (from `../node_modules/react-native/third-party-podspecs/boost.podspec`)
  - DoubleConversion (from `../node_modules/react-native/third-party-podspecs/DoubleConversion.podspec`)
  - FBLazyVector (from `../node_modules/react-native/Libraries/FBLazyVector`)
  - FBReactNativeSpec (from `../node_modules/react-native/React/FBReactNativeSpec`)
  - Flipper (= 0.99.0)
  - Flipper-Boost-iOSX (= 1.76.0.1.11)
  - Flipper-DoubleConversion (= 3.1.7)
  - Flipper-Fmt (= 7.1.7)
  - Flipper-Folly (= 2.6.7)
  - Flipper-Glog (= 0.3.6)
  - Flipper-PeerTalk (= 0.0.4)
  - Flipper-RSocket (= 1.4.3)
  - FlipperKit (= 0.99.0)
  - FlipperKit/Core (= 0.99.0)
  - FlipperKit/CppBridge (= 0.99.0)
  - FlipperKit/FBCxxFollyDynamicConvert (= 0.99.0)
  - FlipperKit/FBDefines (= 0.99.0)
  - FlipperKit/FKPortForwarding (= 0.99.0)
  - FlipperKit/FlipperKitHighlightOverlay (= 0.99.0)
  - FlipperKit/FlipperKitLayoutPlugin (= 0.99.0)
  - FlipperKit/FlipperKitLayoutTextSearchable (= 0.99.0)
  - FlipperKit/FlipperKitNetworkPlugin (= 0.99.0)
  - FlipperKit/FlipperKitReactPlugin (= 0.99.0)
  - FlipperKit/FlipperKitUserDefaultsPlugin (= 0.99.0)
  - FlipperKit/SKIOSNetworkPlugin (= 0.99.0)
  - glog (from `../node_modules/react-native/third-party-podspecs/glog.podspec`)
  - RCT-Folly (from `../node_modules/react-native/third-party-podspecs/RCT-Folly.podspec`)
  - RCTRequired (from `../node_modules/react-native/Libraries/RCTRequired`)
  - RCTTypeSafety (from `../node_modules/react-native/Libraries/TypeSafety`)
  - React (from `../node_modules/react-native/`)
  - React-callinvoker (from `../node_modules/react-native/ReactCommon/callinvoker`)
  - React-Core (from `../node_modules/react-native/`)
  - React-Core/DevSupport (from `../node_modules/react-native/`)
  - React-Core/RCTWebSocket (from `../node_modules/react-native/`)
  - React-CoreModules (from `../node_modules/react-native/React/CoreModules`)
  - React-cxxreact (from `../node_modules/react-native/ReactCommon/cxxreact`)
  - React-jsi (from `../node_modules/react-native/ReactCommon/jsi`)
  - React-jsiexecutor (from `../node_modules/react-native/ReactCommon/jsiexecutor`)
  - React-jsinspector (from `../node_modules/react-native/ReactCommon/jsinspector`)
  - React-logger (from `../node_modules/react-native/ReactCommon/logger`)
  - react-native-adapty (from `../node_modules/react-native-adapty`)
  - react-native-add-calendar-event (from `../node_modules/react-native-add-calendar-event`)
  - react-native-bambuser-broadcaster (from `../node_modules/react-native-bambuser-broadcaster`)
  - react-native-bambuser-player (from `../node_modules/react-native-bambuser-player`)
  - react-native-blob-util (from `../node_modules/react-native-blob-util`)
  - react-native-create-thumbnail (from `../node_modules/react-native-create-thumbnail`)
  - react-native-date-picker (from `../node_modules/react-native-date-picker`)
  - react-native-pdf (from `../node_modules/react-native-pdf`)
  - react-native-safe-area-context (from `../node_modules/react-native-safe-area-context`)
  - react-native-video (from `../node_modules/react-native-video`)
  - react-native-webview (from `../node_modules/react-native-webview`)
  - React-perflogger (from `../node_modules/react-native/ReactCommon/reactperflogger`)
  - React-RCTActionSheet (from `../node_modules/react-native/Libraries/ActionSheetIOS`)
  - React-RCTAnimation (from `../node_modules/react-native/Libraries/NativeAnimation`)
  - React-RCTBlob (from `../node_modules/react-native/Libraries/Blob`)
  - React-RCTImage (from `../node_modules/react-native/Libraries/Image`)
  - React-RCTLinking (from `../node_modules/react-native/Libraries/LinkingIOS`)
  - React-RCTNetwork (from `../node_modules/react-native/Libraries/Network`)
  - React-RCTSettings (from `../node_modules/react-native/Libraries/Settings`)
  - React-RCTText (from `../node_modules/react-native/Libraries/Text`)
  - React-RCTVibration (from `../node_modules/react-native/Libraries/Vibration`)
  - React-runtimeexecutor (from `../node_modules/react-native/ReactCommon/runtimeexecutor`)
  - ReactCommon/turbomodule/core (from `../node_modules/react-native/ReactCommon`)
  - "RNCAsyncStorage (from `../node_modules/@react-native-async-storage/async-storage`)"
  - "RNCMaskedView (from `../node_modules/@react-native-community/masked-view`)"
  - RNFastImage (from `../node_modules/react-native-fast-image`)
  - "RNFBAnalytics (from `../node_modules/@react-native-firebase/analytics`)"
  - "RNFBApp (from `../node_modules/@react-native-firebase/app`)"
  - "RNFBMessaging (from `../node_modules/@react-native-firebase/messaging`)"
  - RNGestureHandler (from `../node_modules/react-native-gesture-handler`)
  - RNIap (from `../node_modules/react-native-iap`)
  - RNReanimated (from `../node_modules/react-native-reanimated`)
  - RNScreens (from `../node_modules/react-native-screens`)
  - RNShare (from `../node_modules/react-native-share`)
  - RNSVG (from `../node_modules/react-native-svg`)
  - RNVectorIcons (from `../node_modules/react-native-vector-icons`)
  - Yoga (from `../node_modules/react-native/ReactCommon/yoga`)

SPEC REPOS:
  trunk:
    - Adapty
    - CocoaAsyncSocket
    - Firebase
    - FirebaseAnalytics
    - FirebaseCore
    - FirebaseCoreDiagnostics
    - FirebaseInstallations
    - FirebaseMessaging
    - Flipper
    - Flipper-Boost-iOSX
    - Flipper-DoubleConversion
    - Flipper-Fmt
    - Flipper-Folly
    - Flipper-Glog
    - Flipper-PeerTalk
    - Flipper-RSocket
    - FlipperKit
    - fmt
    - GoogleAppMeasurement
    - GoogleDataTransport
    - GoogleUtilities
    - libbambuser-ios
    - libevent
    - libwebp
    - nanopb
    - OpenSSL-Universal
    - PromisesObjC
    - SDWebImage
    - SDWebImageWebPCoder
    - YogaKit

EXTERNAL SOURCES:
  boost:
    :podspec: "../node_modules/react-native/third-party-podspecs/boost.podspec"
  DoubleConversion:
    :podspec: "../node_modules/react-native/third-party-podspecs/DoubleConversion.podspec"
  FBLazyVector:
    :path: "../node_modules/react-native/Libraries/FBLazyVector"
  FBReactNativeSpec:
    :path: "../node_modules/react-native/React/FBReactNativeSpec"
  glog:
    :podspec: "../node_modules/react-native/third-party-podspecs/glog.podspec"
  RCT-Folly:
    :podspec: "../node_modules/react-native/third-party-podspecs/RCT-Folly.podspec"
  RCTRequired:
    :path: "../node_modules/react-native/Libraries/RCTRequired"
  RCTTypeSafety:
    :path: "../node_modules/react-native/Libraries/TypeSafety"
  React:
    :path: "../node_modules/react-native/"
  React-callinvoker:
    :path: "../node_modules/react-native/ReactCommon/callinvoker"
  React-Core:
    :path: "../node_modules/react-native/"
  React-CoreModules:
    :path: "../node_modules/react-native/React/CoreModules"
  React-cxxreact:
    :path: "../node_modules/react-native/ReactCommon/cxxreact"
  React-jsi:
    :path: "../node_modules/react-native/ReactCommon/jsi"
  React-jsiexecutor:
    :path: "../node_modules/react-native/ReactCommon/jsiexecutor"
  React-jsinspector:
    :path: "../node_modules/react-native/ReactCommon/jsinspector"
  React-logger:
    :path: "../node_modules/react-native/ReactCommon/logger"
  react-native-adapty:
    :path: "../node_modules/react-native-adapty"
  react-native-add-calendar-event:
    :path: "../node_modules/react-native-add-calendar-event"
  react-native-bambuser-broadcaster:
    :path: "../node_modules/react-native-bambuser-broadcaster"
  react-native-bambuser-player:
    :path: "../node_modules/react-native-bambuser-player"
  react-native-blob-util:
    :path: "../node_modules/react-native-blob-util"
  react-native-create-thumbnail:
    :path: "../node_modules/react-native-create-thumbnail"
  react-native-date-picker:
    :path: "../node_modules/react-native-date-picker"
  react-native-pdf:
    :path: "../node_modules/react-native-pdf"
  react-native-safe-area-context:
    :path: "../node_modules/react-native-safe-area-context"
  react-native-video:
    :path: "../node_modules/react-native-video"
  react-native-webview:
    :path: "../node_modules/react-native-webview"
  React-perflogger:
    :path: "../node_modules/react-native/ReactCommon/reactperflogger"
  React-RCTActionSheet:
    :path: "../node_modules/react-native/Libraries/ActionSheetIOS"
  React-RCTAnimation:
    :path: "../node_modules/react-native/Libraries/NativeAnimation"
  React-RCTBlob:
    :path: "../node_modules/react-native/Libraries/Blob"
  React-RCTImage:
    :path: "../node_modules/react-native/Libraries/Image"
  React-RCTLinking:
    :path: "../node_modules/react-native/Libraries/LinkingIOS"
  React-RCTNetwork:
    :path: "../node_modules/react-native/Libraries/Network"
  React-RCTSettings:
    :path: "../node_modules/react-native/Libraries/Settings"
  React-RCTText:
    :path: "../node_modules/react-native/Libraries/Text"
  React-RCTVibration:
    :path: "../node_modules/react-native/Libraries/Vibration"
  React-runtimeexecutor:
    :path: "../node_modules/react-native/ReactCommon/runtimeexecutor"
  ReactCommon:
    :path: "../node_modules/react-native/ReactCommon"
  RNCAsyncStorage:
    :path: "../node_modules/@react-native-async-storage/async-storage"
  RNCMaskedView:
    :path: "../node_modules/@react-native-community/masked-view"
  RNFastImage:
    :path: "../node_modules/react-native-fast-image"
  RNFBAnalytics:
    :path: "../node_modules/@react-native-firebase/analytics"
  RNFBApp:
    :path: "../node_modules/@react-native-firebase/app"
  RNFBMessaging:
    :path: "../node_modules/@react-native-firebase/messaging"
  RNGestureHandler:
    :path: "../node_modules/react-native-gesture-handler"
  RNIap:
    :path: "../node_modules/react-native-iap"
  RNReanimated:
    :path: "../node_modules/react-native-reanimated"
  RNScreens:
    :path: "../node_modules/react-native-screens"
  RNShare:
    :path: "../node_modules/react-native-share"
  RNSVG:
    :path: "../node_modules/react-native-svg"
  RNVectorIcons:
    :path: "../node_modules/react-native-vector-icons"
  Yoga:
    :path: "../node_modules/react-native/ReactCommon/yoga"

SPEC CHECKSUMS:
  Adapty: 51d8899626375bd6325428a9d5fd26f0a497d4c6
  boost: a7c83b31436843459a1961bfd74b96033dc77234
  CocoaAsyncSocket: 065fd1e645c7abab64f7a6a2007a48038fdc6a99
  DoubleConversion: 831926d9b8bf8166fd87886c4abab286c2422662
  FBLazyVector: a926a9aaa3596b181972abf0f47eff3dee796222
  FBReactNativeSpec: f1141d5407f4a27c397bca5db03cc03919357b0d
  Firebase: 5f8193dff4b5b7c5d5ef72ae54bb76c08e2b841d
  FirebaseAnalytics: 7761cbadb00a717d8d0939363eb46041526474fa
  FirebaseCore: 5743c5785c074a794d35f2fff7ecc254a91e08b1
  FirebaseCoreDiagnostics: 92e07a649aeb66352b319d43bdd2ee3942af84cb
  FirebaseInstallations: 40bd9054049b2eae9a2c38ef1c3dd213df3605cd
  FirebaseMessaging: 5e5118a2383b3531e730d974680954c679ca0a13
  Flipper: 30e8eeeed6abdc98edaf32af0cda2f198be4b733
  Flipper-Boost-iOSX: fd1e2b8cbef7e662a122412d7ac5f5bea715403c
  Flipper-DoubleConversion: 57ffbe81ef95306cc9e69c4aa3aeeeeb58a6a28c
  Flipper-Fmt: 60cbdd92fc254826e61d669a5d87ef7015396a9b
  Flipper-Folly: 83af37379faa69497529e414bd43fbfc7cae259a
  Flipper-Glog: 1dfd6abf1e922806c52ceb8701a3599a79a200a6
  Flipper-PeerTalk: 116d8f857dc6ef55c7a5a75ea3ceaafe878aadc9
  Flipper-RSocket: d9d9ade67cbecf6ac10730304bf5607266dd2541
  FlipperKit: d8d346844eca5d9120c17d441a2f38596e8ed2b9
  fmt: ff9d55029c625d3757ed641535fd4a75fedc7ce9
  glog: 5337263514dd6f09803962437687240c5dc39aa4
  GoogleAppMeasurement: 4c19f031220c72464d460c9daa1fb5d1acce958e
  GoogleDataTransport: 1c8145da7117bd68bbbed00cf304edb6a24de00f
  GoogleUtilities: e0913149f6b0625b553d70dae12b49fc62914fd1
  libbambuser-ios: 23c30c2c0f8f80d9e3dee3c85c898b7e69ffef23
  libevent: 4049cae6c81cdb3654a443be001fb9bdceff7913
  libwebp: 98a37e597e40bfdb4c911fc98f2c53d0b12d05fc
  nanopb: a0ba3315591a9ae0a16a309ee504766e90db0c96
  OpenSSL-Universal: 1aa4f6a6ee7256b83db99ec1ccdaa80d10f9af9b
  PromisesObjC: ab77feca74fa2823e7af4249b8326368e61014cb
  RCT-Folly: a21c126816d8025b547704b777a2ba552f3d9fa9
  RCTRequired: 405e24508a0feed1771d48caebb85c581db53122
  RCTTypeSafety: 0654998ea6afd3dccecbf6bb379d7c10d1361a72
  React: cce3ac45191e66a78c79234582cbfe322e4dfd00
  React-callinvoker: 613b19264ce63cab0a2bbb6546caa24f2ad0a679
  React-Core: fe529d7c1d74b3eb9505fdfc2f4b10f2f2984a85
  React-CoreModules: 71f5d032922a043ab6f9023acda41371a774bf5c
  React-cxxreact: 808c0d39b270860af712848082009d623180999c
  React-jsi: 01b246df3667ad921a33adeb0ce199772afe9e2b
  React-jsiexecutor: 50a73168582868421112609d2fb155e607e34ec8
  React-jsinspector: 953260b8580780a6e81f2a6d319a8d42fd5028d8
  React-logger: fa4ff1e9c7e115648f7c5dafb7c20822ab4f7a7e
  react-native-adapty: 83c867776b3783b39c433b784dc02fe29dd55baa
  react-native-add-calendar-event: d7744f983d6770cc9e4f004db22bc4d4b4575f17
  react-native-bambuser-broadcaster: b144e46412025cbdb41b579e9f92f00dd75c683a
  react-native-bambuser-player: 11325262f770c2a077dcfd3cb0ff6bdc5dfc2187
  react-native-blob-util: 60453b777610c87a22b3524032c0214e8db555db
  react-native-create-thumbnail: e022bcdcba8a0b4529a50d3fa1a832ec921be39d
  react-native-date-picker: 93e43b3084cea595b4d68b1405d6d99849663bd6
  react-native-pdf: 33c622cbdf776a649929e8b9d1ce2d313347c4fa
  react-native-safe-area-context: 9e40fb181dac02619414ba1294d6c2a807056ab9
  react-native-video: c26780b224543c62d5e1b2a7244a5cd1b50e8253
  react-native-webview: 994b9f8fbb504d6314dc40d83f94f27c6831b3bf
  React-perflogger: 169fb34f60c5fd793b370002ee9c916eba9bc4ae
  React-RCTActionSheet: 2355539e02ad5cd4b1328682ab046487e1e1e920
  React-RCTAnimation: 150644a38c24d80f1f761859c10c727412303f57
  React-RCTBlob: 66042a0ab4206f112ed453130f2cb8802dd7cd82
  React-RCTImage: 3b954d8398ec4bed26cec10e10d311cb3533818b
  React-RCTLinking: 331d9b8a0702c751c7843ddc65b64297c264adc2
  React-RCTNetwork: 96e10dad824ce112087445199ea734b79791ad14
  React-RCTSettings: 41feb3f5fb3319846ad0ba9e8d339e54b5774b67
  React-RCTText: 254741e11c41516759e93ab0b8c38b90f8998f61
  React-RCTVibration: 96dbefca7504f3e52ff47cd0ad0826d20e3a789f
  React-runtimeexecutor: 09041c28ce04143a113eac2d357a6b06bd64b607
  ReactCommon: 8a7a138ae43c04bb8dd760935589f326ca810484
  RNCAsyncStorage: 8616bd5a58af409453ea4e1b246521bb76578d60
  RNCMaskedView: 0e1bc4bfa8365eba5fbbb71e07fbdc0555249489
  RNFastImage: 5c9c9fed9c076e521b3f509fe79e790418a544e8
  RNFBAnalytics: ea1421b49a0bf5e5bb7274df4a330713d0e85d2e
  RNFBApp: e4439717c23252458da2b41b81b4b475c86f90c4
  RNFBMessaging: 40dac204b4197a2661dec5be964780c6ec39bf65
  RNGestureHandler: 071d7a9ad81e8b83fe7663b303d132406a7d8f39
  RNIap: 9bc008662cc46865ca0919267fb2f54afb99ebd1
  RNReanimated: c1b56d030d1616239861534d9adb531f8cffab68
  RNScreens: ea4cd3a853063cda19a4e3c28d2e52180c80f4eb
  RNShare: a5dc3b9c53ddc73e155b8cd9a94c70c91913c43c
  RNSVG: 6adc5c52d2488a476248413064b7f2832e639057
  RNVectorIcons: fcc2f6cb32f5735b586e66d14103a74ce6ad61f8
  SDWebImage: a7f831e1a65eb5e285e3fb046a23fcfbf08e696d
  SDWebImageWebPCoder: 908b83b6adda48effe7667cd2b7f78c897e5111d
  Yoga: b316a990bb6d115afa1b436b5626ac7c61717d17
  YogaKit: f782866e155069a2cca2517aafea43200b01fd5a

PODFILE CHECKSUM: 681f20cf309057b849cbc3347e29374b2e4dfd42

COCOAPODS: 1.11.3
